<?xml version="1.0" encoding="utf-8"?>
<Project ToolsVersion="4.0" xmlns="http://schemas.microsoft.com/developer/msbuild/2003">
  <ItemGroup>
    <Filter Include="Source Files">
      <UniqueIdentifier>{4FC737F1-C7A5-4376-A066-2A32D752A2FF}</UniqueIdentifier>
      <Extensions>cpp;c;cc;cxx;c++;cppm;ixx;def;odl;idl;hpj;bat;asm;asmx</Extensions>
    </Filter>
    <Filter Include="Header Files">
      <UniqueIdentifier>{93995380-89BD-4b04-88EB-625FBE52EBFB}</UniqueIdentifier>
      <Extensions>h;hh;hpp;hxx;h++;hm;inl;inc;ipp;xsd</Extensions>
    </Filter>
    <Filter Include="Resource Files">
      <UniqueIdentifier>{67DA6AB6-F800-4c08-8B7A-83BB121AAD01}</UniqueIdentifier>
      <Extensions>rc;ico;cur;bmp;dlg;rc2;rct;bin;rgs;gif;jpg;jpeg;jpe;resx;tiff;tif;png;wav;mfcribbon-ms</Extensions>
    </Filter>
  </ItemGroup>
  <ItemGroup>
    <ClInclude Include="auto_00_80003100_init.h">
      <Filter>Header Files</Filter>
    </ClInclude>
    <ClInclude Include="gc_env.h">
      <Filter>Header Files</Filter>
    </ClInclude>
    <ClInclude Include="all_headers.h">
      <Filter>Header Files</Filter>
    </ClInclude>
    <ClInclude Include="auto_01_80005500_text.h">
      <Filter>Header Files</Filter>
    </ClInclude>
    <ClInclude Include="__init_cpp_exceptions.h">
      <Filter>Header Files</Filter>
    </ClInclude>
    <ClInclude Include="auto_04_8001A460_rodata.h">
      <Filter>Header Files</Filter>
    </ClInclude>
    <ClInclude Include="auto_05_8001A680_data.h">
      <Filter>Header Files</Filter>
    </ClInclude>
    <ClInclude Include="auto_06_8001BB60_bss.h">
      <Filter>Header Files</Filter>
    </ClInclude>
    <ClInclude Include="auto_07_8001EE00_sdata.h">
      <Filter>Header Files</Filter>
    </ClInclude>
    <ClInclude Include="auto_08_8001EE60_sbss.h">
      <Filter>Header Files</Filter>
    </ClInclude>
    <ClInclude Include="auto_09_8001F0A0_sdata2.h">
      <Filter>Header Files</Filter>
    </ClInclude>
  </ItemGroup>
  <ItemGroup>
    <ClCompile Include="auto_00_80003100_init.c">
      <Filter>Source Files</Filter>
    </ClCompile>
    <ClCompile Include="gc_env.c">
      <Filter>Source Files</Filter>
    </ClCompile>
    <ClCompile Include="auto_01_80005500_text.c">
      <Filter>Source Files</Filter>
    </ClCompile>
    <ClCompile Include="__init_cpp_exceptions.c">
      <Filter>Source Files</Filter>
    </ClCompile>
    <ClCompile Include="auto_04_8001A460_rodata.c">
      <Filter>Source Files</Filter>
    </ClCompile>
    <ClCompile Include="auto_05_8001A680_data.c">
      <Filter>Source Files</Filter>
    </ClCompile>
    <ClCompile Include="auto_06_8001BB60_bss.c">
      <Filter>Source Files</Filter>
    </ClCompile>
    <ClCompile Include="auto_07_8001EE00_sdata.c">
      <Filter>Source Files</Filter>
    </ClCompile>
    <ClCompile Include="auto_08_8001EE60_sbss.c">
      <Filter>Source Files</Filter>
    </ClCompile>
    <ClCompile Include="auto_09_8001F0A0_sdata2.c">
      <Filter>Source Files</Filter>
    </ClCompile>
  </ItemGroup>
</Project>